
Microsoft Visual Studio Solution File, Format Version 12.00
# Visual Studio Version 17
VisualStudioVersion = 17.10.34916.146
MinimumVisualStudioVersion = 10.0.40219.1
Project("{FAE04EC0-301F-11D3-BF4B-00C04F79EFBC}") = "RECEIPE PART 2", "RECEIPE PART 2\RECEIPE PART 2.csproj", "{21714186-1D0F-4C06-A3A4-DB39D8325BA0}"
EndProject
Global
	GlobalSection(SolutionConfigurationPlatforms) = preSolution
		Debug|Any CPU = Debug|Any CPU
		Release|Any CPU = Release|Any CPU
	EndGlobalSection
	GlobalSection(ProjectConfigurationPlatforms) = postSolution
		{21714186-1D0F-4C06-A3A4-DB39D8325BA0}.Debug|Any CPU.ActiveCfg = Debug|Any CPU
		{21714186-1D0F-4C06-A3A4-DB39D8325BA0}.Debug|Any CPU.Build.0 = Debug|Any CPU
		{21714186-1D0F-4C06-A3A4-DB39D8325BA0}.Release|Any CPU.ActiveCfg = Release|Any CPU
		{21714186-1D0F-4C06-A3A4-DB39D8325BA0}.Release|Any CPU.Build.0 = Release|Any CPU
	EndGlobalSection
	GlobalSection(SolutionProperties) = preSolution
		HideSolutionNode = FALSE
	EndGlobalSection
	GlobalSection(ExtensibilityGlobals) = postSolution
		SolutionGuid = {CF60F0F4-4CED-4429-8FB0-F5B867DC3A7D}
	EndGlobalSection
EndGlobal
